{
  "nodes": {
    "agent-sandbox": {
      "inputs": {
        "antigravity-nix": "antigravity-nix",
        "graph-agent": "graph-agent",
        "nixpkgs": "nixpkgs"
      },
      "locked": {
        "lastModified": 1788589240,
        "narHash": "sha256-yQt9gQZTVXBG2t7JyD0xAAp66es0bpn5a6szVtdtV8U=",
        "owner": "datakurre",
        "repo": "agent-sandbox",
        "rev": "9ffc607c5fd4bbb39ff79831ae104bc5df9560f7",
        "type": "github"
      },
      "original": {
        "owner": "datakurre",
        "ref": "graph-agent",
        "repo": "agent-sandbox",
        "type": "github"
      }
    },
    "antigravity-nix": {
      "inputs": {
        "flake-utils": "flake-utils",
        "nixpkgs": [
          "agent-sandbox",
          "nixpkgs"
        ]
      },
      "locked": {
        "lastModified": 1788246982,
        "narHash": "sha256-1taZcKbaBuSYyO+kbQ8vmy6uSNg++5kUc39rXqhuMnk=",
        "owner": "jacopone",
        "repo": "antigravity-nix",
        "rev": "57606073a65af70f3daa19cfa5066dec50d9d939",
        "type": "github"
      },
      "original": {
        "owner": "jacopone",
        "repo": "antigravity-nix",
        "type": "github"
      }
    },
    "bpmn-to-image": {
      "inputs": {
        "flake-utils": "flake-utils_2",
        "nixpkgs": [
          "nixpkgs"
        ]
      },
      "locked": {
        "lastModified": 1788087251,
        "narHash": "sha256-aoW60/2Yzyo7h6UhQN0KRFN1nm+XqcvJyN+dYU1xb3A=",
        "owner": "datakurre",
        "repo": "bpmn-to-image",
        "rev": "a3cc8f4a12ee220a3a38251c60d4280ff7b78c95",
        "type": "github"
      },
      "original": {
        "owner": "datakurre",
        "repo": "bpmn-to-image",
        "type": "github"
      }
    },
    "flake-compat": {
      "flake": false,
      "locked": {
        "lastModified": 1767039857,
        "narHash": "sha256-vNpUSpF5Nuw8xvDLj2KCwwksIbjua2LZCqhV1LNRDns=",
        "owner": "edolstra",
        "repo": "flake-compat",
        "rev": "5edf11c44bc78a0d334f6334cdaf7d60d732daab",
        "type": "github"
      },
      "original": {
        "owner": "edolstra",
        "repo": "flake-compat",
        "type": "github"
      }
    },
    "flake-utils": {
      "inputs": {
        "systems": "systems"
      },
      "locked": {
        "lastModified": 1731533236,
        "narHash": "sha256-l0KFg5HjrsfsO/JpG+r7fRrqm12kzFHyUHqHCVpMMbI=",
        "owner": "numtide",
        "repo": "flake-utils",
        "rev": "11707dc2f618dd54ca8739b309ec4fc024de578b",
        "type": "github"
      },
      "original": {
        "owner": "numtide",
        "repo": "flake-utils",
        "type": "github"
      }
    },
    "flake-utils_2": {
      "inputs": {
        "systems": "systems_2"
      },
      "locked": {
        "lastModified": 1731533236,
        "narHash": "sha256-l0KFg5HjrsfsO/JpG+r7fRrqm12kzFHyUHqHCVpMMbI=",
        "owner": "numtide",
        "repo": "flake-utils",
        "rev": "11707dc2f618dd54ca8739b309ec4fc024de578b",
        "type": "github"
      },
      "original": {
        "owner": "numtide",
        "repo": "flake-utils",
        "type": "github"
      }
    },
    "graph-agent": {
      "inputs": {
        "nixpkgs": [
          "agent-sandbox",
          "nixpkgs"
        ]
      },
      "locked": {
        "lastModified": 1788510150,
        "narHash": "sha256-idGivcqHTyf3ZvxfJNDq/FpztOBFnYCsCyogm1SwrGY=",
        "owner": "datakurre",
        "repo": "graph-agent",
        "rev": "bd6123a0910adfec23c70776e7f22e4398bbf0ae",
        "type": "github"
      },
      "original": {
        "owner": "datakurre",
        "repo": "graph-agent",
        "type": "github"
      }
    },
    "home-manager": {
      "inputs": {
        "nixpkgs": [
          "nixpkgs"
        ]
      },
      "locked": {
        "lastModified": 1787377438,
        "narHash": "sha256-Sxu1NLTD/Ern6hFGLlZmtKCSct3YQXZI/lls8RE1XeM=",
        "owner": "nix-community",
        "repo": "home-manager",
        "rev": "65258d5c65a250189fde2e35f490d15e064c4c62",
        "type": "github"
      },
      "original": {
        "owner": "nix-community",
        "ref": "release-26.05",
        "repo": "home-manager",
        "type": "github"
      }
    },
    "nix-vscode-extensions": {
      "inputs": {
        "nixpkgs": "nixpkgs_2"
      },
      "locked": {
        "lastModified": 1788580600,
        "narHash": "sha256-cU9wBSSJk2jQbFdWdgxgkVm9W32L9TQgCzAfxtDFIqg=",
        "owner": "nix-community",
        "repo": "nix-vscode-extensions",
        "rev": "2bdda593f9225883f9c2bb8fd4044ba440ce0564",
        "type": "github"
      },
      "original": {
        "owner": "nix-community",
        "repo": "nix-vscode-extensions",
        "type": "github"
      }
    },
    "nixpkgs": {
      "locked": {
        "lastModified": 1788179007,
        "narHash": "sha256-hn1oU2rue2SYK8dAr8+WNZWtbsz1S2W5mnHlSEuh3bo=",
        "owner": "nixos",
        "repo": "nixpkgs",
        "rev": "34ab99075ac4f7e40cf037eef32cb1c360bb85e9",
        "type": "github"
      },
      "original": {
        "owner": "nixos",
        "ref": "nixos-unstable",
        "repo": "nixpkgs",
        "type": "github"
      }
    },
    "nixpkgs-unstable": {
      "locked": {
        "lastModified": 1788591346,
        "narHash": "sha256-VdZ7jIKO85RAARCdBUbaiMNEy5BfhNCl5ndgpHKtyXk=",
        "owner": "NixOS",
        "repo": "nixpkgs",
        "rev": "fff9b8b5d0da3dd4cad0635776af557bce714a6e",
        "type": "github"
      },
      "original": {
        "owner": "NixOS",
        "ref": "master",
        "repo": "nixpkgs",
        "type": "github"
      }
    },
    "nixpkgs_2": {
      "locked": {
        "lastModified": 1784564315,
        "narHash": "sha256-7OpsHHIZFUBLbeHNQ0oC40DZRQjsmGWodXge+OqgPgk=",
        "owner": "nixos",
        "repo": "nixpkgs",
        "rev": "0c2094806c9e542f31785ef3569ab9e900e3ce9c",
        "type": "github"
      },
      "original": {
        "owner": "nixos",
        "repo": "nixpkgs",
        "rev": "0c2094806c9e542f31785ef3569ab9e900e3ce9c",
        "type": "github"
      }
    },
    "nixpkgs_3": {
      "locked": {
        "lastModified": 1788405554,
        "narHash": "sha256-r2f1oUwixlgq9zOdYLqJLfS/lWBT60/IITjhTKI59JU=",
        "owner": "NixOS",
        "repo": "nixpkgs",
        "rev": "a5cc6f2c37bf518436dc8d1c288ccd0c43c2f4c4",
        "type": "github"
      },
      "original": {
        "owner": "NixOS",
        "ref": "nixos-26.05",
        "repo": "nixpkgs",
        "type": "github"
      }
    },
    "outline-editor": {
      "inputs": {
        "nixpkgs": [
          "nixpkgs"
        ]
      },
      "locked": {
        "lastModified": 1788420003,
        "narHash": "sha256-de/cPQ9TNREWY1QiEFm1/zN6E/CmEOa9FyeYBPWS+lw=",
        "owner": "datakurre",
        "repo": "outline",
        "rev": "ee2be54fcd98d13a190ba4549477fae5f5746987",
        "type": "github"
      },
      "original": {
        "owner": "datakurre",
        "repo": "outline",
        "type": "github"
      }
    },
    "root": {
      "inputs": {
        "agent-sandbox": "agent-sandbox",
        "bpmn-to-image": "bpmn-to-image",
        "flake-compat": "flake-compat",
        "home-manager": "home-manager",
        "nix-vscode-extensions": "nix-vscode-extensions",
        "nixpkgs": "nixpkgs_3",
        "nixpkgs-unstable": "nixpkgs-unstable",
        "outline-editor": "outline-editor"
      }
    },
    "systems": {
      "locked": {
        "lastModified": 1681028828,
        "narHash": "sha256-Vy1rq5AaRuLzOxct8nz4T6wlgyUR7zLU309k9mBC768=",
        "owner": "nix-systems",
        "repo": "default",
        "rev": "da67096a3b9bf56a91d16901293e51ba5b49a27e",
        "type": "github"
      },
      "original": {
        "owner": "nix-systems",
        "repo": "default",
        "type": "github"
      }
    },
    "systems_2": {
      "locked": {
        "lastModified": 1681028828,
        "narHash": "sha256-Vy1rq5AaRuLzOxct8nz4T6wlgyUR7zLU309k9mBC768=",
        "owner": "nix-systems",
        "repo": "default",
        "rev": "da67096a3b9bf56a91d16901293e51ba5b49a27e",
        "type": "github"
      },
      "original": {
        "owner": "nix-systems",
        "repo": "default",
        "type": "github"
      }
    }
  },
  "root": "root",
  "version": 7
}
