{
  "nodes": {
    "agent-sandbox": {
      "inputs": {
        "antigravity-nix": "antigravity-nix",
        "graph-agent": "graph-agent",
        "nixpkgs": "nixpkgs"
      },
      "locked": {
        "lastModified": 1788333167,
        "narHash": "sha256-27HUwNTRgjnHRlZtGUoY4knIoqITYR47xuX1PKOhQRA=",
        "owner": "datakurre",
        "repo": "agent-sandbox",
        "rev": "11eca7c2123d8bebd6bf2c32218ba4a5e435e1ee",
        "type": "github"
      },
      "original": {
        "owner": "datakurre",
        "ref": "graph-agent",
        "repo": "agent-sandbox",
        "type": "github"
      }
    },
    "antigravity-nix": {
      "inputs": {
        "flake-utils": "flake-utils",
        "nixpkgs": [
          "agent-sandbox",
          "nixpkgs"
        ]
      },
      "locked": {
        "lastModified": 1788246982,
        "narHash": "sha256-1taZcKbaBuSYyO+kbQ8vmy6uSNg++5kUc39rXqhuMnk=",
        "owner": "jacopone",
        "repo": "antigravity-nix",
        "rev": "57606073a65af70f3daa19cfa5066dec50d9d939",
        "type": "github"
      },
      "original": {
        "owner": "jacopone",
        "repo": "antigravity-nix",
        "type": "github"
      }
    },
    "bpmn-to-image": {
      "inputs": {
        "flake-utils": "flake-utils_2",
        "nixpkgs": [
          "nixpkgs"
        ]
      },
      "locked": {
        "lastModified": 1788087251,
        "narHash": "sha256-aoW60/2Yzyo7h6UhQN0KRFN1nm+XqcvJyN+dYU1xb3A=",
        "owner": "datakurre",
        "repo": "bpmn-to-image",
        "rev": "a3cc8f4a12ee220a3a38251c60d4280ff7b78c95",
        "type": "github"
      },
      "original": {
        "owner": "datakurre",
        "repo": "bpmn-to-image",
        "type": "github"
      }
    },
    "flake-compat": {
      "flake": false,
      "locked": {
        "lastModified": 1767039857,
        "narHash": "sha256-vNpUSpF5Nuw8xvDLj2KCwwksIbjua2LZCqhV1LNRDns=",
        "owner": "edolstra",
        "repo": "flake-compat",
        "rev": "5edf11c44bc78a0d334f6334cdaf7d60d732daab",
        "type": "github"
      },
      "original": {
        "owner": "edolstra",
        "repo": "flake-compat",
        "type": "github"
      }
    },
    "flake-utils": {
      "inputs": {
        "systems": "systems"
      },
      "locked": {
        "lastModified": 1731533236,
        "narHash": "sha256-l0KFg5HjrsfsO/JpG+r7fRrqm12kzFHyUHqHCVpMMbI=",
        "owner": "numtide",
        "repo": "flake-utils",
        "rev": "11707dc2f618dd54ca8739b309ec4fc024de578b",
        "type": "github"
      },
      "original": {
        "owner": "numtide",
        "repo": "flake-utils",
        "type": "github"
      }
    },
    "flake-utils_2": {
      "inputs": {
        "systems": "systems_2"
      },
      "locked": {
        "lastModified": 1731533236,
        "narHash": "sha256-l0KFg5HjrsfsO/JpG+r7fRrqm12kzFHyUHqHCVpMMbI=",
        "owner": "numtide",
        "repo": "flake-utils",
        "rev": "11707dc2f618dd54ca8739b309ec4fc024de578b",
        "type": "github"
      },
      "original": {
        "owner": "numtide",
        "repo": "flake-utils",
        "type": "github"
      }
    },
    "graph-agent": {
      "inputs": {
        "nixpkgs": [
          "agent-sandbox",
          "nixpkgs"
        ]
      },
      "locked": {
        "lastModified": 1788116308,
        "narHash": "sha256-zayuR157/WhKfl949nIo7A+FdiG3HXLZ+HTpioiYanI=",
        "owner": "datakurre",
        "repo": "graph-agent",
        "rev": "13abe629fb74babda22c30ecf90b41b71410abbe",
        "type": "github"
      },
      "original": {
        "owner": "datakurre",
        "repo": "graph-agent",
        "type": "github"
      }
    },
    "home-manager": {
      "inputs": {
        "nixpkgs": [
          "nixpkgs"
        ]
      },
      "locked": {
        "lastModified": 1787377438,
        "narHash": "sha256-Sxu1NLTD/Ern6hFGLlZmtKCSct3YQXZI/lls8RE1XeM=",
        "owner": "nix-community",
        "repo": "home-manager",
        "rev": "65258d5c65a250189fde2e35f490d15e064c4c62",
        "type": "github"
      },
      "original": {
        "owner": "nix-community",
        "ref": "release-26.05",
        "repo": "home-manager",
        "type": "github"
      }
    },
    "nix-vscode-extensions": {
      "inputs": {
        "nixpkgs": "nixpkgs_2"
      },
      "locked": {
        "lastModified": 1787819921,
        "narHash": "sha256-i8bQNyMskKs91Lcjm0GuyOzOQJozR2ph1wFBmCf+NeU=",
        "owner": "nix-community",
        "repo": "nix-vscode-extensions",
        "rev": "f09e77f935cdd6d4835bcf7dd49711bcbd304c0b",
        "type": "github"
      },
      "original": {
        "owner": "nix-community",
        "repo": "nix-vscode-extensions",
        "type": "github"
      }
    },
    "nixpkgs": {
      "locked": {
        "lastModified": 1788179007,
        "narHash": "sha256-hn1oU2rue2SYK8dAr8+WNZWtbsz1S2W5mnHlSEuh3bo=",
        "owner": "nixos",
        "repo": "nixpkgs",
        "rev": "34ab99075ac4f7e40cf037eef32cb1c360bb85e9",
        "type": "github"
      },
      "original": {
        "owner": "nixos",
        "ref": "nixos-unstable",
        "repo": "nixpkgs",
        "type": "github"
      }
    },
    "nixpkgs-unstable": {
      "locked": {
        "lastModified": 1787903937,
        "narHash": "sha256-qO5OS4y7XA/cFw3Vnj7pBWME+ukc8NuM85QYqJENmMo=",
        "owner": "NixOS",
        "repo": "nixpkgs",
        "rev": "83d19f3f8a41400e8d6d9d565d55133e4c8ec12e",
        "type": "github"
      },
      "original": {
        "owner": "NixOS",
        "ref": "master",
        "repo": "nixpkgs",
        "type": "github"
      }
    },
    "nixpkgs_2": {
      "locked": {
        "lastModified": 1784564315,
        "narHash": "sha256-7OpsHHIZFUBLbeHNQ0oC40DZRQjsmGWodXge+OqgPgk=",
        "owner": "nixos",
        "repo": "nixpkgs",
        "rev": "0c2094806c9e542f31785ef3569ab9e900e3ce9c",
        "type": "github"
      },
      "original": {
        "owner": "nixos",
        "repo": "nixpkgs",
        "rev": "0c2094806c9e542f31785ef3569ab9e900e3ce9c",
        "type": "github"
      }
    },
    "nixpkgs_3": {
      "locked": {
        "lastModified": 1787753485,
        "narHash": "sha256-BZWCi9ZRJiARTuKTbbtvFTj7t1TK4G3UEckT3HyNfRg=",
        "owner": "NixOS",
        "repo": "nixpkgs",
        "rev": "062346a6d85bc4b49dfaa61c986e9c5be21217d1",
        "type": "github"
      },
      "original": {
        "owner": "NixOS",
        "ref": "nixos-26.05",
        "repo": "nixpkgs",
        "type": "github"
      }
    },
    "outline-editor": {
      "inputs": {
        "nixpkgs": [
          "nixpkgs"
        ]
      },
      "locked": {
        "lastModified": 1788205195,
        "narHash": "sha256-0Vmi/BujJZJZcqnxEZAr3sCFVRiqv3Ewz0d8RsCJccw=",
        "owner": "datakurre",
        "repo": "outline",
        "rev": "4ccc2d848d7d8d4e46899c49a8cc32ee591ccc34",
        "type": "github"
      },
      "original": {
        "owner": "datakurre",
        "repo": "outline",
        "type": "github"
      }
    },
    "root": {
      "inputs": {
        "agent-sandbox": "agent-sandbox",
        "bpmn-to-image": "bpmn-to-image",
        "flake-compat": "flake-compat",
        "home-manager": "home-manager",
        "nix-vscode-extensions": "nix-vscode-extensions",
        "nixpkgs": "nixpkgs_3",
        "nixpkgs-unstable": "nixpkgs-unstable",
        "outline-editor": "outline-editor"
      }
    },
    "systems": {
      "locked": {
        "lastModified": 1681028828,
        "narHash": "sha256-Vy1rq5AaRuLzOxct8nz4T6wlgyUR7zLU309k9mBC768=",
        "owner": "nix-systems",
        "repo": "default",
        "rev": "da67096a3b9bf56a91d16901293e51ba5b49a27e",
        "type": "github"
      },
      "original": {
        "owner": "nix-systems",
        "repo": "default",
        "type": "github"
      }
    },
    "systems_2": {
      "locked": {
        "lastModified": 1681028828,
        "narHash": "sha256-Vy1rq5AaRuLzOxct8nz4T6wlgyUR7zLU309k9mBC768=",
        "owner": "nix-systems",
        "repo": "default",
        "rev": "da67096a3b9bf56a91d16901293e51ba5b49a27e",
        "type": "github"
      },
      "original": {
        "owner": "nix-systems",
        "repo": "default",
        "type": "github"
      }
    }
  },
  "root": "root",
  "version": 7
}
